
Microsoft Visual Studio Solution File, Format Version 12.00
# Visual Studio Version 16
VisualStudioVersion = 16.0.30907.101
MinimumVisualStudioVersion = 10.0.40219.1
Project("{9A19103F-16F7-4668-BE54-9A1E7A4F7556}") = "122_Analysis_StockRise", "122_Analysis_StockRise.csproj", "{C65538EE-9108-4102-BC26-4B66A0868013}"
EndProject
Global
	GlobalSection(SolutionConfigurationPlatforms) = preSolution
		Debug|Any CPU = Debug|Any CPU
		Release|Any CPU = Release|Any CPU
	EndGlobalSection
	GlobalSection(ProjectConfigurationPlatforms) = postSolution
		{C65538EE-9108-4102-BC26-4B66A0868013}.Debug|Any CPU.ActiveCfg = Debug|Any CPU
		{C65538EE-9108-4102-BC26-4B66A0868013}.Debug|Any CPU.Build.0 = Debug|Any CPU
		{C65538EE-9108-4102-BC26-4B66A0868013}.Release|Any CPU.ActiveCfg = Release|Any CPU
		{C65538EE-9108-4102-BC26-4B66A0868013}.Release|Any CPU.Build.0 = Release|Any CPU
	EndGlobalSection
	GlobalSection(SolutionProperties) = preSolution
		HideSolutionNode = FALSE
	EndGlobalSection
	GlobalSection(ExtensibilityGlobals) = postSolution
		SolutionGuid = {C05D2A7E-5FEC-4AC6-A67F-564161B53B6C}
	EndGlobalSection
EndGlobal
